
Microsoft Visual Studio Solution File, Format Version 10.00
# Visual C++ Express 2008
Project("{8BC9CEB8-8B4A-11D0-8D11-00A0C91BC942}") = "sbsms", "sbsms.vcproj", "{8B0D7AF6-FCCE-4A68-A496-0D8627EFA0F9}"
EndProject
Global
	GlobalSection(SolutionConfigurationPlatforms) = preSolution
		Debug|Win32 = Debug|Win32
		Release|Win32 = Release|Win32
	EndGlobalSection
	GlobalSection(ProjectConfigurationPlatforms) = postSolution
		{8B0D7AF6-FCCE-4A68-A496-0D8627EFA0F9}.Debug|Win32.ActiveCfg = Debug|Win32
		{8B0D7AF6-FCCE-4A68-A496-0D8627EFA0F9}.Debug|Win32.Build.0 = Debug|Win32
		{8B0D7AF6-FCCE-4A68-A496-0D8627EFA0F9}.Release|Win32.ActiveCfg = Release|Win32
		{8B0D7AF6-FCCE-4A68-A496-0D8627EFA0F9}.Release|Win32.Build.0 = Release|Win32
	EndGlobalSection
	GlobalSection(SolutionProperties) = preSolution
		HideSolutionNode = FALSE
	EndGlobalSection
EndGlobal
